
Microsoft Visual Studio Solution File, Format Version 12.00
# Visual Studio 15
VisualStudioVersion = 15.0.27130.2010
MinimumVisualStudioVersion = 10.0.40219.1
Project("{FAE04EC0-301F-11D3-BF4B-00C04F79EFBC}") = "Repositories", "Repositories\Repositories.csproj", "{7AF31A85-F4C2-4F71-9BB2-DABFE0FE1C17}"
EndProject
Project("{FAE04EC0-301F-11D3-BF4B-00C04F79EFBC}") = "DataBase", "DataBase\DataBase.csproj", "{842B9AA8-2D8F-467C-B8F1-774C360F1E73}"
EndProject
Project("{FAE04EC0-301F-11D3-BF4B-00C04F79EFBC}") = "MVC", "MVC\MVC.csproj", "{58094F7E-2268-4676-B6DF-D04514181466}"
EndProject
Global
	GlobalSection(SolutionConfigurationPlatforms) = preSolution
		Debug|Any CPU = Debug|Any CPU
		Release|Any CPU = Release|Any CPU
	EndGlobalSection
	GlobalSection(ProjectConfigurationPlatforms) = postSolution
		{7AF31A85-F4C2-4F71-9BB2-DABFE0FE1C17}.Debug|Any CPU.ActiveCfg = Debug|Any CPU
		{7AF31A85-F4C2-4F71-9BB2-DABFE0FE1C17}.Debug|Any CPU.Build.0 = Debug|Any CPU
		{7AF31A85-F4C2-4F71-9BB2-DABFE0FE1C17}.Release|Any CPU.ActiveCfg = Release|Any CPU
		{7AF31A85-F4C2-4F71-9BB2-DABFE0FE1C17}.Release|Any CPU.Build.0 = Release|Any CPU
		{842B9AA8-2D8F-467C-B8F1-774C360F1E73}.Debug|Any CPU.ActiveCfg = Debug|Any CPU
		{842B9AA8-2D8F-467C-B8F1-774C360F1E73}.Debug|Any CPU.Build.0 = Debug|Any CPU
		{842B9AA8-2D8F-467C-B8F1-774C360F1E73}.Release|Any CPU.ActiveCfg = Release|Any CPU
		{842B9AA8-2D8F-467C-B8F1-774C360F1E73}.Release|Any CPU.Build.0 = Release|Any CPU
		{58094F7E-2268-4676-B6DF-D04514181466}.Debug|Any CPU.ActiveCfg = Debug|Any CPU
		{58094F7E-2268-4676-B6DF-D04514181466}.Debug|Any CPU.Build.0 = Debug|Any CPU
		{58094F7E-2268-4676-B6DF-D04514181466}.Release|Any CPU.ActiveCfg = Release|Any CPU
		{58094F7E-2268-4676-B6DF-D04514181466}.Release|Any CPU.Build.0 = Release|Any CPU
	EndGlobalSection
	GlobalSection(SolutionProperties) = preSolution
		HideSolutionNode = FALSE
	EndGlobalSection
	GlobalSection(ExtensibilityGlobals) = postSolution
		SolutionGuid = {7BC6E4D4-D479-42C5-8DBB-027F3E9F1D4F}
	EndGlobalSection
EndGlobal
